
Microsoft Visual Studio Solution File, Format Version 12.00
# Visual Studio Version 17
VisualStudioVersion = 17.6.33815.320
MinimumVisualStudioVersion = 10.0.40219.1
Project("{FAE04EC0-301F-11D3-BF4B-00C04F79EFBC}") = "libPluviometrie", "libPluviometrie.csproj", "{3978B3D8-E6AE-433B-A1F8-A881CB4DE129}"
EndProject
Project("{FAE04EC0-301F-11D3-BF4B-00C04F79EFBC}") = "clsPluviométrie", "..\clsPluviométrie\clsPluviométrie.csproj", "{8FFB7A6E-4615-493F-95A5-EC65751D46A4}"
EndProject
Global
	GlobalSection(SolutionConfigurationPlatforms) = preSolution
		Debug|Any CPU = Debug|Any CPU
		Release|Any CPU = Release|Any CPU
	EndGlobalSection
	GlobalSection(ProjectConfigurationPlatforms) = postSolution
		{3978B3D8-E6AE-433B-A1F8-A881CB4DE129}.Debug|Any CPU.ActiveCfg = Debug|Any CPU
		{3978B3D8-E6AE-433B-A1F8-A881CB4DE129}.Debug|Any CPU.Build.0 = Debug|Any CPU
		{3978B3D8-E6AE-433B-A1F8-A881CB4DE129}.Release|Any CPU.ActiveCfg = Release|Any CPU
		{3978B3D8-E6AE-433B-A1F8-A881CB4DE129}.Release|Any CPU.Build.0 = Release|Any CPU
		{8FFB7A6E-4615-493F-95A5-EC65751D46A4}.Debug|Any CPU.ActiveCfg = Debug|Any CPU
		{8FFB7A6E-4615-493F-95A5-EC65751D46A4}.Debug|Any CPU.Build.0 = Debug|Any CPU
		{8FFB7A6E-4615-493F-95A5-EC65751D46A4}.Release|Any CPU.ActiveCfg = Release|Any CPU
		{8FFB7A6E-4615-493F-95A5-EC65751D46A4}.Release|Any CPU.Build.0 = Release|Any CPU
	EndGlobalSection
	GlobalSection(SolutionProperties) = preSolution
		HideSolutionNode = FALSE
	EndGlobalSection
	GlobalSection(ExtensibilityGlobals) = postSolution
		SolutionGuid = {4E5380E0-911D-4CA1-A6FD-52F394A30A95}
	EndGlobalSection
EndGlobal
